
Microsoft Visual Studio Solution File, Format Version 12.00
# Visual Studio Version 16
VisualStudioVersion = 16.0.30406.217
MinimumVisualStudioVersion = 10.0.40219.1
Project("{FAE04EC0-301F-11D3-BF4B-00C04F79EFBC}") = "CallWebAPI", "CallWebAPI\CallWebAPI.csproj", "{DC811B34-2292-4393-A595-87AB92BD9704}"
	ProjectSection(ProjectDependencies) = postProject
		{73D5BE00-10BF-44CE-9140-718CE67C5913} = {73D5BE00-10BF-44CE-9140-718CE67C5913}
	EndProjectSection
EndProject
Project("{FAE04EC0-301F-11D3-BF4B-00C04F79EFBC}") = "CallWebBackend", "CallWebBackend\CallWebBackend.csproj", "{73D5BE00-10BF-44CE-9140-718CE67C5913}"
EndProject
Global
	GlobalSection(SolutionConfigurationPlatforms) = preSolution
		Debug|Any CPU = Debug|Any CPU
		Release|Any CPU = Release|Any CPU
	EndGlobalSection
	GlobalSection(ProjectConfigurationPlatforms) = postSolution
		{DC811B34-2292-4393-A595-87AB92BD9704}.Debug|Any CPU.ActiveCfg = Debug|Any CPU
		{DC811B34-2292-4393-A595-87AB92BD9704}.Debug|Any CPU.Build.0 = Debug|Any CPU
		{DC811B34-2292-4393-A595-87AB92BD9704}.Release|Any CPU.ActiveCfg = Release|Any CPU
		{DC811B34-2292-4393-A595-87AB92BD9704}.Release|Any CPU.Build.0 = Release|Any CPU
		{73D5BE00-10BF-44CE-9140-718CE67C5913}.Debug|Any CPU.ActiveCfg = Debug|Any CPU
		{73D5BE00-10BF-44CE-9140-718CE67C5913}.Debug|Any CPU.Build.0 = Debug|Any CPU
		{73D5BE00-10BF-44CE-9140-718CE67C5913}.Release|Any CPU.ActiveCfg = Release|Any CPU
		{73D5BE00-10BF-44CE-9140-718CE67C5913}.Release|Any CPU.Build.0 = Release|Any CPU
	EndGlobalSection
	GlobalSection(SolutionProperties) = preSolution
		HideSolutionNode = FALSE
	EndGlobalSection
	GlobalSection(ExtensibilityGlobals) = postSolution
		SolutionGuid = {9CE3563D-E21F-4978-82E6-380F38609044}
	EndGlobalSection
EndGlobal
